
Microsoft Visual Studio Solution File, Format Version 12.00
# Visual Studio Version 16
VisualStudioVersion = 16.0.29709.97
MinimumVisualStudioVersion = 10.0.40219.1
Project("{FAE04EC0-301F-11D3-BF4B-00C04F79EFBC}") = "MimicryAPI", "MimicryAPI\MimicryAPI.csproj", "{B29421B3-9074-42F7-B0B3-CEC460D965B9}"
EndProject
Global
	GlobalSection(SolutionConfigurationPlatforms) = preSolution
		Debug|Any CPU = Debug|Any CPU
		Release|Any CPU = Release|Any CPU
	EndGlobalSection
	GlobalSection(ProjectConfigurationPlatforms) = postSolution
		{B29421B3-9074-42F7-B0B3-CEC460D965B9}.Debug|Any CPU.ActiveCfg = Debug|Any CPU
		{B29421B3-9074-42F7-B0B3-CEC460D965B9}.Debug|Any CPU.Build.0 = Debug|Any CPU
		{B29421B3-9074-42F7-B0B3-CEC460D965B9}.Release|Any CPU.ActiveCfg = Release|Any CPU
		{B29421B3-9074-42F7-B0B3-CEC460D965B9}.Release|Any CPU.Build.0 = Release|Any CPU
	EndGlobalSection
	GlobalSection(SolutionProperties) = preSolution
		HideSolutionNode = FALSE
	EndGlobalSection
	GlobalSection(ExtensibilityGlobals) = postSolution
		SolutionGuid = {FA846273-FD0A-4B4F-BBF0-7E6EC4D4B3A9}
	EndGlobalSection
EndGlobal
