
Microsoft Visual Studio Solution File, Format Version 12.00
# Visual Studio Version 16
VisualStudioVersion = 16.0.29709.97
MinimumVisualStudioVersion = 10.0.40219.1
Project("{FAE04EC0-301F-11D3-BF4B-00C04F79EFBC}") = "TasksAPI", "TasksAPI.csproj", "{9CD4D32F-DC34-4D48-89CF-7B63E272CC19}"
EndProject
Global
	GlobalSection(SolutionConfigurationPlatforms) = preSolution
		Debug|Any CPU = Debug|Any CPU
		Release|Any CPU = Release|Any CPU
	EndGlobalSection
	GlobalSection(ProjectConfigurationPlatforms) = postSolution
		{9CD4D32F-DC34-4D48-89CF-7B63E272CC19}.Debug|Any CPU.ActiveCfg = Debug|Any CPU
		{9CD4D32F-DC34-4D48-89CF-7B63E272CC19}.Debug|Any CPU.Build.0 = Debug|Any CPU
		{9CD4D32F-DC34-4D48-89CF-7B63E272CC19}.Release|Any CPU.ActiveCfg = Release|Any CPU
		{9CD4D32F-DC34-4D48-89CF-7B63E272CC19}.Release|Any CPU.Build.0 = Release|Any CPU
	EndGlobalSection
	GlobalSection(SolutionProperties) = preSolution
		HideSolutionNode = FALSE
	EndGlobalSection
	GlobalSection(ExtensibilityGlobals) = postSolution
		SolutionGuid = {4F7B8304-80D3-4CFB-B3FF-358CFC9C8A24}
	EndGlobalSection
EndGlobal
